{
    "_readme": [
        "This file locks the dependencies of your project to a known state",
        "Read more about it at https://getcomposer.org/doc/01-basic-usage.md#installing-dependencies",
        "This file is @generated automatically"
    ],
    "content-hash": "335f6e327549b35a782de9ab37388bcb",
    "packages": [
        {
            "name": "anax/anax-design-me",
            "version": "v1.0.16",
            "source": {
                "type": "git",
                "url": "https://github.com/canax/anax-design-me.git",
                "reference": "f70ba7a4c4585e962e3e6282426c1724e09726ea"
            },
            "dist": {
                "type": "zip",
                "url": "https://api.github.com/repos/canax/anax-design-me/zipball/f70ba7a4c4585e962e3e6282426c1724e09726ea",
                "reference": "f70ba7a4c4585e962e3e6282426c1724e09726ea",
                "shasum": ""
            },
            "require": {
                "anax/anax-flat": "^1.0.11",
                "anax/cache": "^2.0.0@beta",
                "anax/content": "^2.0.0@beta",
                "php": "^7.2"
            },
            "type": "library",
            "autoload": {
                "psr-4": {
                    "Anax\\": "src/"
                }
            },
            "notification-url": "https://packagist.org/downloads/",
            "license": [
                "MIT"
            ],
            "authors": [
                {
                    "name": "Mikael Roos",
                    "email": "mos@dbwebb.se"
                }
            ],
            "description": "A me page for the design course using Anax Flat.",
            "homepage": "https://github.com/canax/anax-design-me",
            "keywords": [
                "anax",
                "dbwebb",
                "design"
            ],
            "time": "2018-11-12T16:14:22+00:00"
        },
        {
            "name": "anax/anax-flat",
            "version": "v1.0.12",
            "source": {
                "type": "git",
                "url": "https://github.com/canax/anax-flat2.git",
                "reference": "ce669474765466a6f47010b833649386aa3041b5"
            },
            "dist": {
                "type": "zip",
                "url": "https://api.github.com/repos/canax/anax-flat2/zipball/ce669474765466a6f47010b833649386aa3041b5",
                "reference": "ce669474765466a6f47010b833649386aa3041b5",
                "shasum": ""
            },
            "require": {
                "anax/anax-lite": "^1.0.24",
                "anax/page": "^2.0.0@beta",
                "anax/textfilter": "^1.2.3",
                "anax/view": "^2.0.0@beta",
                "mos/cimage": "^0.7.20",
                "php": "^7.2",
                "symfony/yaml": "^3.4.0"
            },
            "require-dev": {
                "phpunit/phpunit": "^7"
            },
            "type": "library",
            "autoload": {
                "psr-4": {
                    "Anax\\": "src/"
                }
            },
            "notification-url": "https://packagist.org/downloads/",
            "license": [
                "MIT"
            ],
            "authors": [
                {
                    "name": "Mikael Roos",
                    "email": "mos@dbwebb.se"
                }
            ],
            "description": "The Anax Flat framework, content and flat file websites.",
            "homepage": "https://github.com/canax/anax",
            "keywords": [
                "Flat file CMS",
                "anax",
                "framework"
            ],
            "time": "2018-09-25T20:46:02+00:00"
        },
        {
            "name": "anax/anax-lite",
            "version": "v1.0.27",
            "source": {
                "type": "git",
                "url": "https://github.com/canax/anax-lite.git",
                "reference": "078bb06f830d6c87632b4f87e4c7262a7d60958b"
            },
            "dist": {
                "type": "zip",
                "url": "https://api.github.com/repos/canax/anax-lite/zipball/078bb06f830d6c87632b4f87e4c7262a7d60958b",
                "reference": "078bb06f830d6c87632b4f87e4c7262a7d60958b",
                "shasum": ""
            },
            "require": {
                "anax/commons": "^2.0.0@beta",
                "anax/configure": "^2.0.0@beta",
                "anax/controller": "^2.0.0@beta",
                "anax/di": "^2.0.0@beta",
                "anax/request": "^2.0.0@beta",
                "anax/response": "^2.0.0@beta",
                "anax/router": "^2.0.0@beta",
                "anax/session": "^2.0.0@beta",
                "anax/url": "^2.0.0@beta",
                "php": "^7.2"
            },
            "require-dev": {
                "phpunit/phpunit": "^7"
            },
            "type": "library",
            "autoload": {
                "psr-4": {
                    "Anax\\": "src/"
                }
            },
            "notification-url": "https://packagist.org/downloads/",
            "license": [
                "MIT"
            ],
            "authors": [
                {
                    "name": "Mikael Roos",
                    "email": "mos@dbwebb.se"
                }
            ],
            "description": "The Anax Lite framework, the bare essentials.",
            "homepage": "https://github.com/canax/anax-lite",
            "keywords": [
                "anax",
                "framework",
                "micro framework"
            ],
            "time": "2018-11-02T09:10:16+00:00"
        },
        {
            "name": "anax/cache",
            "version": "v2.0.0-beta.5",
            "source": {
                "type": "git",
                "url": "https://github.com/canax/cache.git",
                "reference": "1004bc303d941fd756e7e1ce13cc64f99a0d5113"
            },
            "dist": {
                "type": "zip",
                "url": "https://api.github.com/repos/canax/cache/zipball/1004bc303d941fd756e7e1ce13cc64f99a0d5113",
                "reference": "1004bc303d941fd756e7e1ce13cc64f99a0d5113",
                "shasum": ""
            },
            "require": {
                "php": "^7.2",
                "psr/simple-cache": "^1.0"
            },
            "require-dev": {
                "anax/di": "^2.0.0@alpha",
                "phpunit/phpunit": "^7"
            },
            "type": "library",
            "autoload": {
                "psr-4": {
                    "Anax\\": "src/"
                }
            },
            "notification-url": "https://packagist.org/downloads/",
            "license": [
                "MIT"
            ],
            "authors": [
                {
                    "name": "Mikael Roos",
                    "email": "mos@dbwebb.se"
                }
            ],
            "description": "Anax Cache module, caching like PSR-6/16.",
            "homepage": "https://github.com/canax/cache",
            "keywords": [
                "anax",
                "framework"
            ],
            "time": "2018-10-22T13:29:45+00:00"
        },
        {
            "name": "anax/commons",
            "version": "v2.0.0-beta.13",
            "source": {
                "type": "git",
                "url": "https://github.com/canax/commons.git",
                "reference": "e0795f353337cc5c1d876e02916244900f764be5"
            },
            "dist": {
                "type": "zip",
                "url": "https://api.github.com/repos/canax/commons/zipball/e0795f353337cc5c1d876e02916244900f764be5",
                "reference": "e0795f353337cc5c1d876e02916244900f764be5",
                "shasum": ""
            },
            "require": {
                "php": "^7.2"
            },
            "require-dev": {
                "anax/di": "^2.0.0@alpha",
                "phpunit/phpunit": "^7"
            },
            "type": "library",
            "autoload": {
                "psr-4": {
                    "Anax\\": "src/"
                },
                "files": [
                    "src/functions.php"
                ]
            },
            "notification-url": "https://packagist.org/downloads/",
            "license": [
                "MIT"
            ],
            "authors": [
                {
                    "name": "Mikael Roos",
                    "email": "mos@dbwebb.se"
                }
            ],
            "description": "Anax Commons module, stuff used by several modules.",
            "homepage": "https://github.com/canax/commons",
            "keywords": [
                "anax",
                "framework"
            ],
            "time": "2018-11-20T16:16:37+00:00"
        },
        {
            "name": "anax/configure",
            "version": "v2.0.0-beta.1",
            "source": {
                "type": "git",
                "url": "https://github.com/canax/configure.git",
                "reference": "82ab585dacaf8ed11109b8e6df53a77bf1e7d60b"
            },
            "dist": {
                "type": "zip",
                "url": "https://api.github.com/repos/canax/configure/zipball/82ab585dacaf8ed11109b8e6df53a77bf1e7d60b",
                "reference": "82ab585dacaf8ed11109b8e6df53a77bf1e7d60b",
                "shasum": ""
            },
            "require": {
                "php": "^7.2"
            },
            "require-dev": {
                "anax/di": "^2.0.0@alpha",
                "phpunit/phpunit": "^7"
            },
            "type": "library",
            "autoload": {
                "psr-4": {
                    "Anax\\": "src/"
                }
            },
            "notification-url": "https://packagist.org/downloads/",
            "license": [
                "MIT"
            ],
            "authors": [
                {
                    "name": "Mikael Roos",
                    "email": "mos@dbwebb.se"
                }
            ],
            "description": "Anax Configure module, for reading config files.",
            "homepage": "https://dbwebb.se/anax",
            "keywords": [
                "boilerplate",
                "education",
                "framework",
                "mvc"
            ],
            "time": "2018-08-15T15:05:56+00:00"
        },
        {
            "name": "anax/content",
            "version": "v2.0.0-beta.5",
            "source": {
                "type": "git",
                "url": "https://github.com/canax/content.git",
                "reference": "3b90aab003cea1b38eb16f4a4cb4b33412a19130"
            },
            "dist": {
                "type": "zip",
                "url": "https://api.github.com/repos/canax/content/zipball/3b90aab003cea1b38eb16f4a4cb4b33412a19130",
                "reference": "3b90aab003cea1b38eb16f4a4cb4b33412a19130",
                "shasum": ""
            },
            "require": {
                "anax/commons": "^2.0.0@alpha",
                "anax/router": "^2.0.0@alpha",
                "php": ">=7.2"
            },
            "require-dev": {
                "anax/configure": "^2.0.0@alpha",
                "anax/di": "^2.0.0@alpha",
                "phpunit/phpunit": "^7"
            },
            "type": "library",
            "autoload": {
                "psr-4": {
                    "Anax\\": "src/"
                }
            },
            "notification-url": "https://packagist.org/downloads/",
            "license": [
                "MIT"
            ],
            "authors": [
                {
                    "name": "Mikael Roos",
                    "email": "mos@dbwebb.se"
                }
            ],
            "description": "Anax Content module, filebased flat file content.",
            "homepage": "https://dbwebb.se/anax",
            "keywords": [
                "boilerplate",
                "education",
                "framework",
                "micro",
                "mvc"
            ],
            "time": "2018-12-03T20:41:04+00:00"
        },
        {
            "name": "anax/controller",
            "version": "v2.0.0-beta.8",
            "source": {
                "type": "git",
                "url": "https://github.com/canax/controller.git",
                "reference": "d9176b86622bd6b92d181ed5d4f86fd4d80587f9"
            },
            "dist": {
                "type": "zip",
                "url": "https://api.github.com/repos/canax/controller/zipball/d9176b86622bd6b92d181ed5d4f86fd4d80587f9",
                "reference": "d9176b86622bd6b92d181ed5d4f86fd4d80587f9",
                "shasum": ""
            },
            "require": {
                "anax/commons": "^2.0.0@alpha",
                "php": ">=7.2"
            },
            "require-dev": {
                "anax/di": "^2.0.0@alpha",
                "anax/request": "^2.0.0@alpha",
                "anax/response": "^2.0.0@alpha",
                "anax/view": "^2.0.0@alpha",
                "phpunit/phpunit": "^7"
            },
            "type": "library",
            "autoload": {
                "psr-4": {
                    "Anax\\": "src/"
                }
            },
            "notification-url": "https://packagist.org/downloads/",
            "license": [
                "MIT"
            ],
            "authors": [
                {
                    "name": "Mikael Roos",
                    "email": "mos@dbwebb.se"
                }
            ],
            "description": "Anax Controller module, with sample starter controllers.",
            "homepage": "https://dbwebb.se/anax",
            "keywords": [
                "boilerplate",
                "education",
                "framework",
                "micro",
                "mvc"
            ],
            "time": "2018-12-03T20:44:28+00:00"
        },
        {
            "name": "anax/di",
            "version": "v2.0.4",
            "source": {
                "type": "git",
                "url": "https://github.com/canax/di.git",
                "reference": "64ea8749a3f5b53e7fcbb6be0b365734face7623"
            },
            "dist": {
                "type": "zip",
                "url": "https://api.github.com/repos/canax/di/zipball/64ea8749a3f5b53e7fcbb6be0b365734face7623",
                "reference": "64ea8749a3f5b53e7fcbb6be0b365734face7623",
                "shasum": ""
            },
            "require": {
                "php": "^7.2",
                "psr/container": "^1.0"
            },
            "require-dev": {
                "phpunit/phpunit": "^7"
            },
            "type": "library",
            "autoload": {
                "psr-4": {
                    "Anax\\": "src/"
                }
            },
            "notification-url": "https://packagist.org/downloads/",
            "license": [
                "MIT"
            ],
            "authors": [
                {
                    "name": "Mikael Roos",
                    "email": "mos@dbwebb.se"
                }
            ],
            "description": "Anax DI module, dependency injection (PHP-FIG PSR-11).",
            "homepage": "https://dbwebb.se/anax",
            "keywords": [
                "boilerplate",
                "education",
                "framework",
                "micro",
                "mvc"
            ],
            "time": "2018-11-16T11:07:00+00:00"
        },
        {
            "name": "anax/page",
            "version": "v2.0.0-beta.1",
            "source": {
                "type": "git",
                "url": "https://github.com/canax/page.git",
                "reference": "103ff5e9e317b841401e0f1dae3da681e33797fe"
            },
            "dist": {
                "type": "zip",
                "url": "https://api.github.com/repos/canax/page/zipball/103ff5e9e317b841401e0f1dae3da681e33797fe",
                "reference": "103ff5e9e317b841401e0f1dae3da681e33797fe",
                "shasum": ""
            },
            "require": {
                "anax/commons": "^2.0.0@alpha",
                "php": ">=7.2"
            },
            "require-dev": {
                "anax/configure": "^2.0.0@alpha",
                "anax/di": "^2.0.0@alpha",
                "anax/request": "^2.0.0@alpha",
                "anax/response": "^2.0.0@alpha",
                "anax/view": "^2.0.0@alpha",
                "phpunit/phpunit": "^7"
            },
            "type": "library",
            "autoload": {
                "psr-4": {
                    "Anax\\": "src/"
                }
            },
            "notification-url": "https://packagist.org/downloads/",
            "license": [
                "MIT"
            ],
            "authors": [
                {
                    "name": "Mikael Roos",
                    "email": "mos@dbwebb.se"
                }
            ],
            "description": "Anax Page module, wrapper to ease create web pages.",
            "homepage": "https://dbwebb.se/anax",
            "keywords": [
                "boilerplate",
                "education",
                "framework",
                "micro",
                "mvc"
            ],
            "time": "2018-08-15T14:59:59+00:00"
        },
        {
            "name": "anax/request",
            "version": "v2.0.0-beta.3",
            "source": {
                "type": "git",
                "url": "https://github.com/canax/request.git",
                "reference": "3183885838343ff6f7f9f93d8709233d914ef5c1"
            },
            "dist": {
                "type": "zip",
                "url": "https://api.github.com/repos/canax/request/zipball/3183885838343ff6f7f9f93d8709233d914ef5c1",
                "reference": "3183885838343ff6f7f9f93d8709233d914ef5c1",
                "shasum": ""
            },
            "require": {
                "php": "^7.2"
            },
            "require-dev": {
                "phpunit/phpunit": "^7"
            },
            "type": "library",
            "autoload": {
                "psr-4": {
                    "Anax\\": "src/"
                }
            },
            "notification-url": "https://packagist.org/downloads/",
            "license": [
                "MIT"
            ],
            "authors": [
                {
                    "name": "Mikael Roos",
                    "email": "mos@dbwebb.se"
                }
            ],
            "description": "Anax Request module, details on the request.",
            "homepage": "https://dbwebb.se/anax",
            "keywords": [
                "boilerplate",
                "education",
                "framework",
                "micro",
                "mvc"
            ],
            "time": "2018-11-23T22:19:30+00:00"
        },
        {
            "name": "anax/response",
            "version": "v2.0.0-beta.4",
            "source": {
                "type": "git",
                "url": "https://github.com/canax/response.git",
                "reference": "55ce6663c66e3b0348c99f83ac4dd49d332dc35b"
            },
            "dist": {
                "type": "zip",
                "url": "https://api.github.com/repos/canax/response/zipball/55ce6663c66e3b0348c99f83ac4dd49d332dc35b",
                "reference": "55ce6663c66e3b0348c99f83ac4dd49d332dc35b",
                "shasum": ""
            },
            "require": {
                "php": "^7.2"
            },
            "require-dev": {
                "anax/commons": "^2.0.0@alpha",
                "anax/configure": "^2.0.0@alpha",
                "anax/di": "^2.0.0@alpha",
                "phpunit/phpunit": "^7"
            },
            "type": "library",
            "autoload": {
                "psr-4": {
                    "Anax\\": "src/"
                }
            },
            "notification-url": "https://packagist.org/downloads/",
            "license": [
                "MIT"
            ],
            "authors": [
                {
                    "name": "Mikael Roos",
                    "email": "mos@dbwebb.se"
                }
            ],
            "description": "Anax Response module, to create a HTTP response.",
            "homepage": "https://dbwebb.se/anax",
            "keywords": [
                "boilerplate",
                "education",
                "framework",
                "micro",
                "mvc"
            ],
            "time": "2018-10-23T08:26:38+00:00"
        },
        {
            "name": "anax/router",
            "version": "v2.0.0-beta.9",
            "source": {
                "type": "git",
                "url": "https://github.com/canax/router.git",
                "reference": "4cc5754fd9cd8fd2fa4cf264b3df68df62e67df9"
            },
            "dist": {
                "type": "zip",
                "url": "https://api.github.com/repos/canax/router/zipball/4cc5754fd9cd8fd2fa4cf264b3df68df62e67df9",
                "reference": "4cc5754fd9cd8fd2fa4cf264b3df68df62e67df9",
                "shasum": ""
            },
            "require": {
                "anax/commons": "^2.0.0@alpha",
                "php": ">=7.2",
                "psr/container": "^1.0"
            },
            "require-dev": {
                "anax/configure": "^2.0.0@alpha",
                "anax/di": "^2.0.0@alpha",
                "phpunit/phpunit": "^7"
            },
            "type": "library",
            "autoload": {
                "psr-4": {
                    "Anax\\": "src/"
                }
            },
            "notification-url": "https://packagist.org/downloads/",
            "license": [
                "MIT"
            ],
            "authors": [
                {
                    "name": "Mikael Roos",
                    "email": "mos@dbwebb.se"
                }
            ],
            "description": "Anax Router module, route requests to handlers.",
            "homepage": "https://dbwebb.se/anax",
            "keywords": [
                "boilerplate",
                "education",
                "framework",
                "micro",
                "mvc"
            ],
            "time": "2018-11-23T22:24:26+00:00"
        },
        {
            "name": "anax/session",
            "version": "v2.0.0-beta.3",
            "source": {
                "type": "git",
                "url": "https://github.com/canax/session.git",
                "reference": "82c4fe6db70a996266545bfaad07afb620439622"
            },
            "dist": {
                "type": "zip",
                "url": "https://api.github.com/repos/canax/session/zipball/82c4fe6db70a996266545bfaad07afb620439622",
                "reference": "82c4fe6db70a996266545bfaad07afb620439622",
                "shasum": ""
            },
            "require": {
                "php": "^7.2"
            },
            "require-dev": {
                "anax/configure": "^2.0.0@alpha",
                "anax/di": "^2.0.0@alpha",
                "phpunit/phpunit": "^7"
            },
            "suggest": {
                "anax/configure": "^2.0.0@alpha"
            },
            "type": "library",
            "autoload": {
                "psr-4": {
                    "Anax\\": "src/"
                }
            },
            "notification-url": "https://packagist.org/downloads/",
            "license": [
                "MIT"
            ],
            "authors": [
                {
                    "name": "Mikael Roos",
                    "email": "mos@dbwebb.se"
                }
            ],
            "description": "Anax Session module, a wrapper around sessions.",
            "homepage": "https://dbwebb.se/anax",
            "keywords": [
                "boilerplate",
                "education",
                "framework",
                "micro",
                "mvc"
            ],
            "time": "2018-08-29T20:38:41+00:00"
        },
        {
            "name": "anax/textfilter",
            "version": "v1.2.4",
            "source": {
                "type": "git",
                "url": "https://github.com/canax/textfilter.git",
                "reference": "92a609ec7f8caf5f04fbd9a503536239b2cdc4d7"
            },
            "dist": {
                "type": "zip",
                "url": "https://api.github.com/repos/canax/textfilter/zipball/92a609ec7f8caf5f04fbd9a503536239b2cdc4d7",
                "reference": "92a609ec7f8caf5f04fbd9a503536239b2cdc4d7",
                "shasum": ""
            },
            "require": {
                "ezyang/htmlpurifier": "^4.0",
                "michelf/php-markdown": "^1.6",
                "michelf/php-smartypants": "^1.6",
                "php": ">=7.0",
                "scrivo/highlight.php": "^9.0"
            },
            "require-dev": {
                "mustangostang/spyc": "^0.6.2",
                "phpunit/phpunit": "^7",
                "symfony/yaml": "^3.4"
            },
            "suggest": {
                "ext-json": "*",
                "ext-yaml": "*"
            },
            "type": "library",
            "autoload": {
                "psr-4": {
                    "Anax\\": "src/"
                }
            },
            "notification-url": "https://packagist.org/downloads/",
            "license": [
                "MIT"
            ],
            "authors": [
                {
                    "name": "Mikael Roos",
                    "email": "mos@dbwebb.se",
                    "homepage": "https://dbwebb.se",
                    "role": "Developer"
                }
            ],
            "description": "Anax TextFilter module, frontmatter, shortcodes, markdown.",
            "homepage": "https://dbwebb.se/anax",
            "keywords": [
                "anax",
                "education",
                "frontmatter",
                "shortcodes",
                "textprocessing"
            ],
            "time": "2018-08-15T14:37:18+00:00"
        },
        {
            "name": "anax/url",
            "version": "v2.0.0-beta.2",
            "source": {
                "type": "git",
                "url": "https://github.com/canax/url.git",
                "reference": "7c88a464a93581f5c1dea27ae560abf88554bf7f"
            },
            "dist": {
                "type": "zip",
                "url": "https://api.github.com/repos/canax/url/zipball/7c88a464a93581f5c1dea27ae560abf88554bf7f",
                "reference": "7c88a464a93581f5c1dea27ae560abf88554bf7f",
                "shasum": ""
            },
            "require": {
                "anax/configure": "^2.0.0@alpha",
                "php": "^7.2"
            },
            "require-dev": {
                "phpunit/phpunit": "^7"
            },
            "type": "library",
            "autoload": {
                "psr-4": {
                    "Anax\\": "src/"
                }
            },
            "notification-url": "https://packagist.org/downloads/",
            "license": [
                "MIT"
            ],
            "authors": [
                {
                    "name": "Mikael Roos",
                    "email": "mos@dbwebb.se"
                }
            ],
            "description": "Anax Url module, to create links to urls and assets.",
            "homepage": "https://dbwebb.se/anax",
            "keywords": [
                "anax",
                "education",
                "framework",
                "micro",
                "mvc"
            ],
            "time": "2018-08-15T14:45:16+00:00"
        },
        {
            "name": "anax/view",
            "version": "v2.0.0-beta.13",
            "source": {
                "type": "git",
                "url": "https://github.com/canax/view.git",
                "reference": "8242e6be1465609b2f289225ff368d999933a900"
            },
            "dist": {
                "type": "zip",
                "url": "https://api.github.com/repos/canax/view/zipball/8242e6be1465609b2f289225ff368d999933a900",
                "reference": "8242e6be1465609b2f289225ff368d999933a900",
                "shasum": ""
            },
            "require": {
                "anax/commons": "^2.0.0@alpha",
                "php": "^7.2"
            },
            "require-dev": {
                "anax/configure": "^2.0.0@alpha",
                "anax/di": "^2.0.0@alpha",
                "phpunit/phpunit": "^7"
            },
            "type": "library",
            "autoload": {
                "psr-4": {
                    "Anax\\": "src/"
                },
                "files": [
                    "src/View/ViewHelperFunctions.php"
                ]
            },
            "notification-url": "https://packagist.org/downloads/",
            "license": [
                "MIT"
            ],
            "authors": [
                {
                    "name": "Mikael Roos",
                    "email": "mos@dbwebb.se"
                }
            ],
            "description": "Anax View module, collect and render views.",
            "homepage": "https://dbwebb.se/anax",
            "keywords": [
                "anax",
                "template"
            ],
            "time": "2018-12-03T20:55:10+00:00"
        },
        {
            "name": "ezyang/htmlpurifier",
            "version": "v4.10.0",
            "source": {
                "type": "git",
                "url": "https://github.com/ezyang/htmlpurifier.git",
                "reference": "d85d39da4576a6934b72480be6978fb10c860021"
            },
            "dist": {
                "type": "zip",
                "url": "https://api.github.com/repos/ezyang/htmlpurifier/zipball/d85d39da4576a6934b72480be6978fb10c860021",
                "reference": "d85d39da4576a6934b72480be6978fb10c860021",
                "shasum": ""
            },
            "require": {
                "php": ">=5.2"
            },
            "require-dev": {
                "simpletest/simpletest": "^1.1"
            },
            "type": "library",
            "autoload": {
                "psr-0": {
                    "HTMLPurifier": "library/"
                },
                "files": [
                    "library/HTMLPurifier.composer.php"
                ]
            },
            "notification-url": "https://packagist.org/downloads/",
            "license": [
                "LGPL"
            ],
            "authors": [
                {
                    "name": "Edward Z. Yang",
                    "email": "admin@htmlpurifier.org",
                    "homepage": "http://ezyang.com"
                }
            ],
            "description": "Standards compliant HTML filter written in PHP",
            "homepage": "http://htmlpurifier.org/",
            "keywords": [
                "html"
            ],
            "time": "2018-02-23T01:58:20+00:00"
        },
        {
            "name": "michelf/php-markdown",
            "version": "1.8.0",
            "source": {
                "type": "git",
                "url": "https://github.com/michelf/php-markdown.git",
                "reference": "01ab082b355bf188d907b9929cd99b2923053495"
            },
            "dist": {
                "type": "zip",
                "url": "https://api.github.com/repos/michelf/php-markdown/zipball/01ab082b355bf188d907b9929cd99b2923053495",
                "reference": "01ab082b355bf188d907b9929cd99b2923053495",
                "shasum": ""
            },
            "require": {
                "php": ">=5.3.0"
            },
            "type": "library",
            "autoload": {
                "psr-4": {
                    "Michelf\\": "Michelf/"
                }
            },
            "notification-url": "https://packagist.org/downloads/",
            "license": [
                "BSD-3-Clause"
            ],
            "authors": [
                {
                    "name": "Michel Fortin",
                    "email": "michel.fortin@michelf.ca",
                    "homepage": "https://michelf.ca/",
                    "role": "Developer"
                },
                {
                    "name": "John Gruber",
                    "homepage": "https://daringfireball.net/"
                }
            ],
            "description": "PHP Markdown",
            "homepage": "https://michelf.ca/projects/php-markdown/",
            "keywords": [
                "markdown"
            ],
            "time": "2018-01-15T00:49:33+00:00"
        },
        {
            "name": "michelf/php-smartypants",
            "version": "1.8.1",
            "source": {
                "type": "git",
                "url": "https://github.com/michelf/php-smartypants.git",
                "reference": "47d17c90a4dfd0ccf1f87e25c65e6c8012415aad"
            },
            "dist": {
                "type": "zip",
                "url": "https://api.github.com/repos/michelf/php-smartypants/zipball/47d17c90a4dfd0ccf1f87e25c65e6c8012415aad",
                "reference": "47d17c90a4dfd0ccf1f87e25c65e6c8012415aad",
                "shasum": ""
            },
            "require": {
                "php": ">=5.3.0"
            },
            "type": "library",
            "autoload": {
                "psr-0": {
                    "Michelf": ""
                }
            },
            "notification-url": "https://packagist.org/downloads/",
            "license": [
                "BSD-3-Clause"
            ],
            "authors": [
                {
                    "name": "Michel Fortin",
                    "email": "michel.fortin@michelf.ca",
                    "homepage": "https://michelf.ca/",
                    "role": "Developer"
                },
                {
                    "name": "John Gruber",
                    "homepage": "https://daringfireball.net/"
                }
            ],
            "description": "PHP SmartyPants",
            "homepage": "https://michelf.ca/projects/php-smartypants/",
            "keywords": [
                "dashes",
                "quotes",
                "spaces",
                "typographer",
                "typography"
            ],
            "time": "2016-12-13T01:01:17+00:00"
        },
        {
            "name": "mos/cimage",
            "version": "v0.7.20",
            "source": {
                "type": "git",
                "url": "https://github.com/mosbth/cimage.git",
                "reference": "cd142c58806c8edb6164a12a20e120eb7f436dfb"
            },
            "dist": {
                "type": "zip",
                "url": "https://api.github.com/repos/mosbth/cimage/zipball/cd142c58806c8edb6164a12a20e120eb7f436dfb",
                "reference": "cd142c58806c8edb6164a12a20e120eb7f436dfb",
                "shasum": ""
            },
            "require": {
                "ext-gd": "*",
                "php": ">=5.3"
            },
            "suggest": {
                "ext-curl": "*",
                "ext-exif": "*",
                "ext-imagick": "*"
            },
            "type": "library",
            "autoload": {
                "files": [
                    "defines.php",
                    "functions.php"
                ],
                "classmap": [
                    "CImage.php",
                    "CHttpGet.php",
                    "CRemoteImage.php",
                    "CWhitelist.php",
                    "CAsciiArt.php",
                    "CCache.php",
                    "CFastTrackCache.php"
                ]
            },
            "notification-url": "https://packagist.org/downloads/",
            "license": [
                "MIT"
            ],
            "authors": [
                {
                    "name": "Mikael Roos",
                    "email": "me@mikaelroos.se",
                    "homepage": "http://mikaelroos.se",
                    "role": "Developer"
                }
            ],
            "description": "Process, scale, resize, crop and filter images.",
            "homepage": "http://dbwebb.se/opensource/cimage",
            "keywords": [
                "gd",
                "image",
                "imageprocessing"
            ],
            "time": "2017-11-06T09:24:47+00:00"
        },
        {
            "name": "psr/container",
            "version": "1.0.0",
            "source": {
                "type": "git",
                "url": "https://github.com/php-fig/container.git",
                "reference": "b7ce3b176482dbbc1245ebf52b181af44c2cf55f"
            },
            "dist": {
                "type": "zip",
                "url": "https://api.github.com/repos/php-fig/container/zipball/b7ce3b176482dbbc1245ebf52b181af44c2cf55f",
                "reference": "b7ce3b176482dbbc1245ebf52b181af44c2cf55f",
                "shasum": ""
            },
            "require": {
                "php": ">=5.3.0"
            },
            "type": "library",
            "extra": {
                "branch-alias": {
                    "dev-master": "1.0.x-dev"
                }
            },
            "autoload": {
                "psr-4": {
                    "Psr\\Container\\": "src/"
                }
            },
            "notification-url": "https://packagist.org/downloads/",
            "license": [
                "MIT"
            ],
            "authors": [
                {
                    "name": "PHP-FIG",
                    "homepage": "http://www.php-fig.org/"
                }
            ],
            "description": "Common Container Interface (PHP FIG PSR-11)",
            "homepage": "https://github.com/php-fig/container",
            "keywords": [
                "PSR-11",
                "container",
                "container-interface",
                "container-interop",
                "psr"
            ],
            "time": "2017-02-14T16:28:37+00:00"
        },
        {
            "name": "psr/simple-cache",
            "version": "1.0.1",
            "source": {
                "type": "git",
                "url": "https://github.com/php-fig/simple-cache.git",
                "reference": "408d5eafb83c57f6365a3ca330ff23aa4a5fa39b"
            },
            "dist": {
                "type": "zip",
                "url": "https://api.github.com/repos/php-fig/simple-cache/zipball/408d5eafb83c57f6365a3ca330ff23aa4a5fa39b",
                "reference": "408d5eafb83c57f6365a3ca330ff23aa4a5fa39b",
                "shasum": ""
            },
            "require": {
                "php": ">=5.3.0"
            },
            "type": "library",
            "extra": {
                "branch-alias": {
                    "dev-master": "1.0.x-dev"
                }
            },
            "autoload": {
                "psr-4": {
                    "Psr\\SimpleCache\\": "src/"
                }
            },
            "notification-url": "https://packagist.org/downloads/",
            "license": [
                "MIT"
            ],
            "authors": [
                {
                    "name": "PHP-FIG",
                    "homepage": "http://www.php-fig.org/"
                }
            ],
            "description": "Common interfaces for simple caching",
            "keywords": [
                "cache",
                "caching",
                "psr",
                "psr-16",
                "simple-cache"
            ],
            "time": "2017-10-23T01:57:42+00:00"
        },
        {
            "name": "scrivo/highlight.php",
            "version": "v9.13.1.0",
            "source": {
                "type": "git",
                "url": "https://github.com/scrivo/highlight.php.git",
                "reference": "e453ed4bb1a7602efb334c07579be885a4ee8abb"
            },
            "dist": {
                "type": "zip",
                "url": "https://api.github.com/repos/scrivo/highlight.php/zipball/e453ed4bb1a7602efb334c07579be885a4ee8abb",
                "reference": "e453ed4bb1a7602efb334c07579be885a4ee8abb",
                "shasum": ""
            },
            "require": {
                "ext-json": "*",
                "ext-mbstring": "*"
            },
            "require-dev": {
                "phpunit/phpunit": "^4.8",
                "symfony/finder": "^2.8"
            },
            "type": "library",
            "autoload": {
                "psr-0": {
                    "Highlight\\": ""
                }
            },
            "notification-url": "https://packagist.org/downloads/",
            "license": [
                "BSD-3-Clause"
            ],
            "authors": [
                {
                    "name": "Geert Bergman",
                    "homepage": "http://www.scrivo.org/",
                    "role": "Project Author"
                },
                {
                    "name": "Vladimir Jimenez",
                    "homepage": "https://allejo.io",
                    "role": "Contributor"
                },
                {
                    "name": "Martin Folkers",
                    "homepage": "https://twobrain.io",
                    "role": "Contributor"
                }
            ],
            "description": "Server side syntax highlighter that supports 185 languages. It's a PHP port of highlight.js",
            "keywords": [
                "code",
                "highlight",
                "highlight.js",
                "highlight.php",
                "syntax"
            ],
            "time": "2018-11-23T02:08:01+00:00"
        },
        {
            "name": "symfony/polyfill-ctype",
            "version": "v1.10.0",
            "source": {
                "type": "git",
                "url": "https://github.com/symfony/polyfill-ctype.git",
                "reference": "e3d826245268269cd66f8326bd8bc066687b4a19"
            },
            "dist": {
                "type": "zip",
                "url": "https://api.github.com/repos/symfony/polyfill-ctype/zipball/e3d826245268269cd66f8326bd8bc066687b4a19",
                "reference": "e3d826245268269cd66f8326bd8bc066687b4a19",
                "shasum": ""
            },
            "require": {
                "php": ">=5.3.3"
            },
            "suggest": {
                "ext-ctype": "For best performance"
            },
            "type": "library",
            "extra": {
                "branch-alias": {
                    "dev-master": "1.9-dev"
                }
            },
            "autoload": {
                "psr-4": {
                    "Symfony\\Polyfill\\Ctype\\": ""
                },
                "files": [
                    "bootstrap.php"
                ]
            },
            "notification-url": "https://packagist.org/downloads/",
            "license": [
                "MIT"
            ],
            "authors": [
                {
                    "name": "Symfony Community",
                    "homepage": "https://symfony.com/contributors"
                },
                {
                    "name": "Gert de Pagter",
                    "email": "BackEndTea@gmail.com"
                }
            ],
            "description": "Symfony polyfill for ctype functions",
            "homepage": "https://symfony.com",
            "keywords": [
                "compatibility",
                "ctype",
                "polyfill",
                "portable"
            ],
            "time": "2018-08-06T14:22:27+00:00"
        },
        {
            "name": "symfony/yaml",
            "version": "v3.4.20",
            "source": {
                "type": "git",
                "url": "https://github.com/symfony/yaml.git",
                "reference": "291e13d808bec481eab83f301f7bff3e699ef603"
            },
            "dist": {
                "type": "zip",
                "url": "https://api.github.com/repos/symfony/yaml/zipball/291e13d808bec481eab83f301f7bff3e699ef603",
                "reference": "291e13d808bec481eab83f301f7bff3e699ef603",
                "shasum": ""
            },
            "require": {
                "php": "^5.5.9|>=7.0.8",
                "symfony/polyfill-ctype": "~1.8"
            },
            "conflict": {
                "symfony/console": "<3.4"
            },
            "require-dev": {
                "symfony/console": "~3.4|~4.0"
            },
            "suggest": {
                "symfony/console": "For validating YAML files using the lint command"
            },
            "type": "library",
            "extra": {
                "branch-alias": {
                    "dev-master": "3.4-dev"
                }
            },
            "autoload": {
                "psr-4": {
                    "Symfony\\Component\\Yaml\\": ""
                },
                "exclude-from-classmap": [
                    "/Tests/"
                ]
            },
            "notification-url": "https://packagist.org/downloads/",
            "license": [
                "MIT"
            ],
            "authors": [
                {
                    "name": "Fabien Potencier",
                    "email": "fabien@symfony.com"
                },
                {
                    "name": "Symfony Community",
                    "homepage": "https://symfony.com/contributors"
                }
            ],
            "description": "Symfony Yaml Component",
            "homepage": "https://symfony.com",
            "time": "2018-11-11T19:48:54+00:00"
        }
    ],
    "packages-dev": [],
    "aliases": [],
    "minimum-stability": "beta",
    "stability-flags": [],
    "prefer-stable": true,
    "prefer-lowest": false,
    "platform": [],
    "platform-dev": []
}
